
Microsoft Visual Studio Solution File, Format Version 12.00
# Visual Studio 15
VisualStudioVersion = 15.0.27703.2042
MinimumVisualStudioVersion = 10.0.40219.1
Project("{FAE04EC0-301F-11D3-BF4B-00C04F79EFBC}") = "ProcessusKillerService", "ProcessusKillerService\ProcessusKillerService.csproj", "{A82D7223-6B84-4561-8193-2BF03CDECD5A}"
EndProject
Project("{FAE04EC0-301F-11D3-BF4B-00C04F79EFBC}") = "KillerServiceTestProject", "KillerServiceTestProject\KillerServiceTestProject.csproj", "{A7B6DB5F-D55C-4481-8756-3526819F4FDB}"
EndProject
Project("{FAE04EC0-301F-11D3-BF4B-00C04F79EFBC}") = "KillerClient", "KillerClient\KillerClient.csproj", "{FEF441FF-B56D-48E3-BDFE-F5410F52733A}"
EndProject
Project("{FAE04EC0-301F-11D3-BF4B-00C04F79EFBC}") = "WindowsKillerService", "WindowsKillerService\WindowsKillerService.csproj", "{117D9241-31D2-4E5A-BCB3-F36256C01976}"
EndProject
Project("{2150E333-8FDC-42A3-9474-1A3956D46DE8}") = "Client", "Client", "{C92DE647-CAE9-46AA-9A5B-61A323C0C98E}"
EndProject
Project("{2150E333-8FDC-42A3-9474-1A3956D46DE8}") = "Server", "Server", "{75B2F7C0-EC6C-4D59-A2DC-3D81392C0234}"
EndProject
Project("{FAE04EC0-301F-11D3-BF4B-00C04F79EFBC}") = "ServiceClientConsole", "ServiceClientConsole\ServiceClientConsole.csproj", "{144AC7F9-4759-49F7-A1CA-0A40A64A00BA}"
EndProject
Project("{FAE04EC0-301F-11D3-BF4B-00C04F79EFBC}") = "ServiceClientTest", "ServiceClientTest\ServiceClientTest.csproj", "{C696B9C8-3733-4F38-A7F3-4961DF0D91C7}"
EndProject
Project("{FAE04EC0-301F-11D3-BF4B-00C04F79EFBC}") = "KillerClientTestProject", "KillerClientTestProject\KillerClientTestProject.csproj", "{EE4E63C1-E95C-4556-8789-5853D2D7BD48}"
EndProject
Global
	GlobalSection(SolutionConfigurationPlatforms) = preSolution
		Debug|Any CPU = Debug|Any CPU
		Debug|x64 = Debug|x64
		Release|Any CPU = Release|Any CPU
		Release|x64 = Release|x64
	EndGlobalSection
	GlobalSection(ProjectConfigurationPlatforms) = postSolution
		{A82D7223-6B84-4561-8193-2BF03CDECD5A}.Debug|Any CPU.ActiveCfg = Debug|Any CPU
		{A82D7223-6B84-4561-8193-2BF03CDECD5A}.Debug|Any CPU.Build.0 = Debug|Any CPU
		{A82D7223-6B84-4561-8193-2BF03CDECD5A}.Debug|x64.ActiveCfg = Debug|x64
		{A82D7223-6B84-4561-8193-2BF03CDECD5A}.Debug|x64.Build.0 = Debug|x64
		{A82D7223-6B84-4561-8193-2BF03CDECD5A}.Release|Any CPU.ActiveCfg = Release|Any CPU
		{A82D7223-6B84-4561-8193-2BF03CDECD5A}.Release|Any CPU.Build.0 = Release|Any CPU
		{A82D7223-6B84-4561-8193-2BF03CDECD5A}.Release|x64.ActiveCfg = Release|x64
		{A82D7223-6B84-4561-8193-2BF03CDECD5A}.Release|x64.Build.0 = Release|x64
		{A7B6DB5F-D55C-4481-8756-3526819F4FDB}.Debug|Any CPU.ActiveCfg = Debug|Any CPU
		{A7B6DB5F-D55C-4481-8756-3526819F4FDB}.Debug|Any CPU.Build.0 = Debug|Any CPU
		{A7B6DB5F-D55C-4481-8756-3526819F4FDB}.Debug|x64.ActiveCfg = Debug|x64
		{A7B6DB5F-D55C-4481-8756-3526819F4FDB}.Debug|x64.Build.0 = Debug|x64
		{A7B6DB5F-D55C-4481-8756-3526819F4FDB}.Release|Any CPU.ActiveCfg = Release|Any CPU
		{A7B6DB5F-D55C-4481-8756-3526819F4FDB}.Release|Any CPU.Build.0 = Release|Any CPU
		{A7B6DB5F-D55C-4481-8756-3526819F4FDB}.Release|x64.ActiveCfg = Release|x64
		{A7B6DB5F-D55C-4481-8756-3526819F4FDB}.Release|x64.Build.0 = Release|x64
		{FEF441FF-B56D-48E3-BDFE-F5410F52733A}.Debug|Any CPU.ActiveCfg = Debug|Any CPU
		{FEF441FF-B56D-48E3-BDFE-F5410F52733A}.Debug|Any CPU.Build.0 = Debug|Any CPU
		{FEF441FF-B56D-48E3-BDFE-F5410F52733A}.Debug|Any CPU.Deploy.0 = Debug|Any CPU
		{FEF441FF-B56D-48E3-BDFE-F5410F52733A}.Debug|x64.ActiveCfg = Debug|x64
		{FEF441FF-B56D-48E3-BDFE-F5410F52733A}.Debug|x64.Build.0 = Debug|x64
		{FEF441FF-B56D-48E3-BDFE-F5410F52733A}.Debug|x64.Deploy.0 = Debug|x64
		{FEF441FF-B56D-48E3-BDFE-F5410F52733A}.Release|Any CPU.ActiveCfg = Release|Any CPU
		{FEF441FF-B56D-48E3-BDFE-F5410F52733A}.Release|Any CPU.Build.0 = Release|Any CPU
		{FEF441FF-B56D-48E3-BDFE-F5410F52733A}.Release|Any CPU.Deploy.0 = Release|Any CPU
		{FEF441FF-B56D-48E3-BDFE-F5410F52733A}.Release|x64.ActiveCfg = Release|x64
		{FEF441FF-B56D-48E3-BDFE-F5410F52733A}.Release|x64.Build.0 = Release|x64
		{FEF441FF-B56D-48E3-BDFE-F5410F52733A}.Release|x64.Deploy.0 = Release|x64
		{117D9241-31D2-4E5A-BCB3-F36256C01976}.Debug|Any CPU.ActiveCfg = Debug|Any CPU
		{117D9241-31D2-4E5A-BCB3-F36256C01976}.Debug|Any CPU.Build.0 = Debug|Any CPU
		{117D9241-31D2-4E5A-BCB3-F36256C01976}.Debug|x64.ActiveCfg = Debug|x64
		{117D9241-31D2-4E5A-BCB3-F36256C01976}.Debug|x64.Build.0 = Debug|x64
		{117D9241-31D2-4E5A-BCB3-F36256C01976}.Release|Any CPU.ActiveCfg = Release|Any CPU
		{117D9241-31D2-4E5A-BCB3-F36256C01976}.Release|Any CPU.Build.0 = Release|Any CPU
		{117D9241-31D2-4E5A-BCB3-F36256C01976}.Release|x64.ActiveCfg = Release|x64
		{117D9241-31D2-4E5A-BCB3-F36256C01976}.Release|x64.Build.0 = Release|x64
		{144AC7F9-4759-49F7-A1CA-0A40A64A00BA}.Debug|Any CPU.ActiveCfg = Debug|Any CPU
		{144AC7F9-4759-49F7-A1CA-0A40A64A00BA}.Debug|Any CPU.Build.0 = Debug|Any CPU
		{144AC7F9-4759-49F7-A1CA-0A40A64A00BA}.Debug|x64.ActiveCfg = Debug|x64
		{144AC7F9-4759-49F7-A1CA-0A40A64A00BA}.Debug|x64.Build.0 = Debug|x64
		{144AC7F9-4759-49F7-A1CA-0A40A64A00BA}.Release|Any CPU.ActiveCfg = Release|Any CPU
		{144AC7F9-4759-49F7-A1CA-0A40A64A00BA}.Release|Any CPU.Build.0 = Release|Any CPU
		{144AC7F9-4759-49F7-A1CA-0A40A64A00BA}.Release|x64.ActiveCfg = Release|x64
		{144AC7F9-4759-49F7-A1CA-0A40A64A00BA}.Release|x64.Build.0 = Release|x64
		{C696B9C8-3733-4F38-A7F3-4961DF0D91C7}.Debug|Any CPU.ActiveCfg = Debug|Any CPU
		{C696B9C8-3733-4F38-A7F3-4961DF0D91C7}.Debug|Any CPU.Build.0 = Debug|Any CPU
		{C696B9C8-3733-4F38-A7F3-4961DF0D91C7}.Debug|x64.ActiveCfg = Debug|x64
		{C696B9C8-3733-4F38-A7F3-4961DF0D91C7}.Debug|x64.Build.0 = Debug|x64
		{C696B9C8-3733-4F38-A7F3-4961DF0D91C7}.Release|Any CPU.ActiveCfg = Release|Any CPU
		{C696B9C8-3733-4F38-A7F3-4961DF0D91C7}.Release|Any CPU.Build.0 = Release|Any CPU
		{C696B9C8-3733-4F38-A7F3-4961DF0D91C7}.Release|x64.ActiveCfg = Release|x64
		{C696B9C8-3733-4F38-A7F3-4961DF0D91C7}.Release|x64.Build.0 = Release|x64
		{EE4E63C1-E95C-4556-8789-5853D2D7BD48}.Debug|Any CPU.ActiveCfg = Debug|Any CPU
		{EE4E63C1-E95C-4556-8789-5853D2D7BD48}.Debug|Any CPU.Build.0 = Debug|Any CPU
		{EE4E63C1-E95C-4556-8789-5853D2D7BD48}.Debug|Any CPU.Deploy.0 = Debug|Any CPU
		{EE4E63C1-E95C-4556-8789-5853D2D7BD48}.Debug|x64.ActiveCfg = Debug|x64
		{EE4E63C1-E95C-4556-8789-5853D2D7BD48}.Debug|x64.Build.0 = Debug|x64
		{EE4E63C1-E95C-4556-8789-5853D2D7BD48}.Debug|x64.Deploy.0 = Debug|x64
		{EE4E63C1-E95C-4556-8789-5853D2D7BD48}.Release|Any CPU.ActiveCfg = Release|Any CPU
		{EE4E63C1-E95C-4556-8789-5853D2D7BD48}.Release|Any CPU.Build.0 = Release|Any CPU
		{EE4E63C1-E95C-4556-8789-5853D2D7BD48}.Release|Any CPU.Deploy.0 = Release|Any CPU
		{EE4E63C1-E95C-4556-8789-5853D2D7BD48}.Release|x64.ActiveCfg = Release|x64
		{EE4E63C1-E95C-4556-8789-5853D2D7BD48}.Release|x64.Build.0 = Release|x64
		{EE4E63C1-E95C-4556-8789-5853D2D7BD48}.Release|x64.Deploy.0 = Release|x64
	EndGlobalSection
	GlobalSection(SolutionProperties) = preSolution
		HideSolutionNode = FALSE
	EndGlobalSection
	GlobalSection(NestedProjects) = preSolution
		{A82D7223-6B84-4561-8193-2BF03CDECD5A} = {75B2F7C0-EC6C-4D59-A2DC-3D81392C0234}
		{A7B6DB5F-D55C-4481-8756-3526819F4FDB} = {75B2F7C0-EC6C-4D59-A2DC-3D81392C0234}
		{FEF441FF-B56D-48E3-BDFE-F5410F52733A} = {C92DE647-CAE9-46AA-9A5B-61A323C0C98E}
		{117D9241-31D2-4E5A-BCB3-F36256C01976} = {75B2F7C0-EC6C-4D59-A2DC-3D81392C0234}
		{144AC7F9-4759-49F7-A1CA-0A40A64A00BA} = {C92DE647-CAE9-46AA-9A5B-61A323C0C98E}
		{C696B9C8-3733-4F38-A7F3-4961DF0D91C7} = {C92DE647-CAE9-46AA-9A5B-61A323C0C98E}
		{EE4E63C1-E95C-4556-8789-5853D2D7BD48} = {C92DE647-CAE9-46AA-9A5B-61A323C0C98E}
	EndGlobalSection
	GlobalSection(ExtensibilityGlobals) = postSolution
		SolutionGuid = {92C2FCB1-4DD2-41C8-91EC-0B6A97A18364}
	EndGlobalSection
EndGlobal
